{
  "requires": true,
  "lockfileVersion": 1,
  "dependencies": {
    "@types/prop-types": {
      "version": "15.7.5",
      "resolved": "https://registry.npmjs.org/@types/prop-types/-/prop-types-15.7.5.tgz",
      "integrity": "sha512-JCB8C6SnDoQf0cNycqd/35A7MjcnK+ZTqE7judS6o7utxUCg6imJg3QK2qzHKszlTjcj2cn+NwMB2i96ubpj7w=="
    },
    "@types/react": {
      "version": "18.0.22",
      "resolved": "https://registry.npmjs.org/@types/react/-/react-18.0.22.tgz",
      "integrity": "sha512-4yWc5PyCkZN8ke8K9rQHkTXxHIWHxLzzW6RI1kXVoepkD3vULpKzC2sDtAMKn78h92BRYuzf+7b/ms7ajE6hFw==",
      "requires": {
        "@types/prop-types": "*",
        "@types/scheduler": "*",
        "csstype": "^3.0.2"
      }
    },
    "@types/react-reconciler": {
      "version": "0.28.0",
      "resolved": "https://registry.npmjs.org/@types/react-reconciler/-/react-reconciler-0.28.0.tgz",
      "integrity": "sha512-5cjk9ottZAj7eaTsqzPUIlrVbh3hBAO2YaEL1rkjHKB3xNAId7oU8GhzvAX+gfmlfoxTwJnBjPxEHyxkEA1Ffg==",
      "requires": {
        "@types/react": "*"
      }
    },
    "@types/scheduler": {
      "version": "0.16.2",
      "resolved": "https://registry.npmjs.org/@types/scheduler/-/scheduler-0.16.2.tgz",
      "integrity": "sha512-hppQEBDmlwhFAXKJX2KnWLYu5yMfi91yazPb2l+lbJiwW+wdo1gNeRA+3RgNSO39WYX2euey41KEwnqesU2Jew=="
    },
    "csstype": {
      "version": "3.1.1",
      "resolved": "https://registry.npmjs.org/csstype/-/csstype-3.1.1.tgz",
      "integrity": "sha512-DJR/VvkAvSZW9bTouZue2sSxDwdTN92uHjqeKVm+0dAqdfNykRzQ95tay8aXMBAAPpUiq4Qcug2L7neoRh2Egw=="
    },
    "its-fine": {
      "version": "1.0.6",
      "resolved": "https://registry.npmjs.org/its-fine/-/its-fine-1.0.6.tgz",
      "integrity": "sha512-VZJZPwVT2kxe5KQv+TxCjojfLiUIut8zXDNLTxcM7gJ/xQ/bSPk5M0neZ+j3myy45KKkltY1mm1jyJgx3Fxsdg==",
      "requires": {
        "@types/react-reconciler": "^0.28.0"
      }
    },
    "js-tokens": {
      "version": "4.0.0",
      "resolved": "https://registry.npmjs.org/js-tokens/-/js-tokens-4.0.0.tgz",
      "integrity": "sha512-RdJUflcE3cUzKiMqQgsCu06FPu9UdIJO0beYbPhHN4k6apgJtifcoCtT9bcxOpYBtpD2kCM6Sbzg4CausW/PKQ=="
    },
    "konva": {
      "version": "8.3.13",
      "resolved": "https://registry.npmjs.org/konva/-/konva-8.3.13.tgz",
      "integrity": "sha512-O5VxHfRfTj4PscTglQH1NimS8+CC5hQYLeB8YQstu8MN/i2L8GjA1T9d7xxzITF2TD5+xcIs5ei7en3cztbNXg=="
    },
    "loose-envify": {
      "version": "1.4.0",
      "resolved": "https://registry.npmjs.org/loose-envify/-/loose-envify-1.4.0.tgz",
      "integrity": "sha512-lyuxPGr/Wfhrlem2CL/UcnUc1zcqKAImBDzukY7Y5F/yQiNdko6+fRLevlw1HgMySw7f611UIY408EtxRSoK3Q==",
      "requires": {
        "js-tokens": "^3.0.0 || ^4.0.0"
      }
    },
    "react-konva": {
      "version": "18.2.3",
      "resolved": "https://registry.npmjs.org/react-konva/-/react-konva-18.2.3.tgz",
      "integrity": "sha512-OPxjBTgaEGU9pt/VJSVM7QNXYHEZ5CkulX+4fTTvbaH+Wh+vMLbXmH3yjWw4kT/5Qi6t0UQKHPPmirCv8/9sdg==",
      "requires": {
        "its-fine": "^1.0.6",
        "react-reconciler": "~0.29.0",
        "scheduler": "^0.23.0"
      }
    },
    "react-reconciler": {
      "version": "0.29.0",
      "resolved": "https://registry.npmjs.org/react-reconciler/-/react-reconciler-0.29.0.tgz",
      "integrity": "sha512-wa0fGj7Zht1EYMRhKWwoo1H9GApxYLBuhoAuXN0TlltESAjDssB+Apf0T/DngVqaMyPypDmabL37vw/2aRM98Q==",
      "requires": {
        "loose-envify": "^1.1.0",
        "scheduler": "^0.23.0"
      }
    },
    "scheduler": {
      "version": "0.23.0",
      "resolved": "https://registry.npmjs.org/scheduler/-/scheduler-0.23.0.tgz",
      "integrity": "sha512-CtuThmgHNg7zIZWAXi3AsyIzA3n4xx7aNyjwC2VJldO2LMVDhFK+63xGqq6CsJH4rTAt6/M+N4GhZiDYPx9eUw==",
      "requires": {
        "loose-envify": "^1.1.0"
      }
    }
  }
}
